
Microsoft Visual Studio Solution File, Format Version 12.00
# Visual Studio Version 16
VisualStudioVersion = 16.0.30907.101
MinimumVisualStudioVersion = 10.0.40219.1
Project("{FAE04EC0-301F-11D3-BF4B-00C04F79EFBC}") = "[OLC2]Proyecto1_201709029", "[OLC2]Proyecto1_201709029.csproj", "{80F4CA15-EC70-4103-AA3A-77834A061BAF}"
EndProject
Global
	GlobalSection(SolutionConfigurationPlatforms) = preSolution
		Debug|Any CPU = Debug|Any CPU
		Release|Any CPU = Release|Any CPU
	EndGlobalSection
	GlobalSection(ProjectConfigurationPlatforms) = postSolution
		{80F4CA15-EC70-4103-AA3A-77834A061BAF}.Debug|Any CPU.ActiveCfg = Debug|Any CPU
		{80F4CA15-EC70-4103-AA3A-77834A061BAF}.Debug|Any CPU.Build.0 = Debug|Any CPU
		{80F4CA15-EC70-4103-AA3A-77834A061BAF}.Release|Any CPU.ActiveCfg = Release|Any CPU
		{80F4CA15-EC70-4103-AA3A-77834A061BAF}.Release|Any CPU.Build.0 = Release|Any CPU
	EndGlobalSection
	GlobalSection(SolutionProperties) = preSolution
		HideSolutionNode = FALSE
	EndGlobalSection
	GlobalSection(ExtensibilityGlobals) = postSolution
		SolutionGuid = {183592A9-5CD0-40C6-AEF7-DC0013674C46}
	EndGlobalSection
EndGlobal
